
Microsoft Visual Studio Solution File, Format Version 12.00
# Visual Studio Version 17
VisualStudioVersion = 17.9.34723.18
MinimumVisualStudioVersion = 10.0.40219.1
Project("{8BC9CEB8-8B4A-11D0-8D11-00A0C91BC942}") = "WarehouseApp", "WarehouseApp\WarehouseApp.vcxproj", "{5D427614-D17F-491A-9FD6-C1487BEC2E8A}"
EndProject
Project("{8BC9CEB8-8B4A-11D0-8D11-00A0C91BC942}") = "WarehouseTests", "WarehouseTests\WarehouseTests.vcxproj", "{8BE7F533-0FBC-4F81-9CB2-422027963649}"
EndProject
Project("{8BC9CEB8-8B4A-11D0-8D11-00A0C91BC942}") = "BoxGenerator", "BoxGenerator\BoxGenerator.vcxproj", "{95866C23-5DC7-4A16-8D46-256559481D24}"
EndProject
Project("{2150E333-8FDC-42A3-9474-1A3956D46DE8}") = "JSONS", "JSONS", "{62CCFF03-8F59-46AA-A27D-F9C1C356D948}"
EndProject
Global
	GlobalSection(SolutionConfigurationPlatforms) = preSolution
		Debug|x64 = Debug|x64
		Debug|x86 = Debug|x86
		Release|x64 = Release|x64
		Release|x86 = Release|x86
	EndGlobalSection
	GlobalSection(ProjectConfigurationPlatforms) = postSolution
		{5D427614-D17F-491A-9FD6-C1487BEC2E8A}.Debug|x64.ActiveCfg = Debug|x64
		{5D427614-D17F-491A-9FD6-C1487BEC2E8A}.Debug|x64.Build.0 = Debug|x64
		{5D427614-D17F-491A-9FD6-C1487BEC2E8A}.Debug|x86.ActiveCfg = Debug|Win32
		{5D427614-D17F-491A-9FD6-C1487BEC2E8A}.Debug|x86.Build.0 = Debug|Win32
		{5D427614-D17F-491A-9FD6-C1487BEC2E8A}.Release|x64.ActiveCfg = Release|x64
		{5D427614-D17F-491A-9FD6-C1487BEC2E8A}.Release|x64.Build.0 = Release|x64
		{5D427614-D17F-491A-9FD6-C1487BEC2E8A}.Release|x86.ActiveCfg = Release|Win32
		{5D427614-D17F-491A-9FD6-C1487BEC2E8A}.Release|x86.Build.0 = Release|Win32
		{8BE7F533-0FBC-4F81-9CB2-422027963649}.Debug|x64.ActiveCfg = Debug|x64
		{8BE7F533-0FBC-4F81-9CB2-422027963649}.Debug|x64.Build.0 = Debug|x64
		{8BE7F533-0FBC-4F81-9CB2-422027963649}.Debug|x86.ActiveCfg = Debug|Win32
		{8BE7F533-0FBC-4F81-9CB2-422027963649}.Debug|x86.Build.0 = Debug|Win32
		{8BE7F533-0FBC-4F81-9CB2-422027963649}.Release|x64.ActiveCfg = Release|x64
		{8BE7F533-0FBC-4F81-9CB2-422027963649}.Release|x64.Build.0 = Release|x64
		{8BE7F533-0FBC-4F81-9CB2-422027963649}.Release|x86.ActiveCfg = Release|Win32
		{8BE7F533-0FBC-4F81-9CB2-422027963649}.Release|x86.Build.0 = Release|Win32
		{95866C23-5DC7-4A16-8D46-256559481D24}.Debug|x64.ActiveCfg = Debug|x64
		{95866C23-5DC7-4A16-8D46-256559481D24}.Debug|x64.Build.0 = Debug|x64
		{95866C23-5DC7-4A16-8D46-256559481D24}.Debug|x86.ActiveCfg = Debug|Win32
		{95866C23-5DC7-4A16-8D46-256559481D24}.Debug|x86.Build.0 = Debug|Win32
		{95866C23-5DC7-4A16-8D46-256559481D24}.Release|x64.ActiveCfg = Release|x64
		{95866C23-5DC7-4A16-8D46-256559481D24}.Release|x64.Build.0 = Release|x64
		{95866C23-5DC7-4A16-8D46-256559481D24}.Release|x86.ActiveCfg = Release|Win32
		{95866C23-5DC7-4A16-8D46-256559481D24}.Release|x86.Build.0 = Release|Win32
	EndGlobalSection
	GlobalSection(SolutionProperties) = preSolution
		HideSolutionNode = FALSE
	EndGlobalSection
	GlobalSection(ExtensibilityGlobals) = postSolution
		SolutionGuid = {5C1DAEC5-1C62-4082-854F-10E614FA465F}
	EndGlobalSection
EndGlobal
